PODS:
  - Capacitor (1.3.0):
    - CapacitorCordova (= 1.3.0)
  - CapacitorCordova (1.3.0)

DEPENDENCIES:
  - "Capacitor (from `../node_modules/@capacitor/ios`)"
  - "CapacitorCordova (from `../node_modules/@capacitor/ios`)"

EXTERNAL SOURCES:
  Capacitor:
    :path: "../node_modules/@capacitor/ios"
  CapacitorCordova:
    :path: "../node_modules/@capacitor/ios"

SPEC CHECKSUMS:
  Capacitor: 3aa0763a842691ef42c6181c8dad171b47c74d49
  CapacitorCordova: 8aeaad82ad344af66b02f4660dcf544eec79face

PODFILE CHECKSUM: 18edf3816e869cc37578950affc00fdd78ee0dcb

COCOAPODS: 1.6.1
